
Microsoft Visual Studio Solution File, Format Version 12.00
# Visual Studio Version 16
VisualStudioVersion = 16.0.28729.10
MinimumVisualStudioVersion = 10.0.40219.1
Project("{FAE04EC0-301F-11D3-BF4B-00C04F79EFBC}") = "Practice", "Practice\Practice.csproj", "{4B8ABFF4-AA81-4DF7-9EDB-3575C9F2EC00}"
EndProject
Global
	GlobalSection(SolutionConfigurationPlatforms) = preSolution
		Debug|Any CPU = Debug|Any CPU
		Release|Any CPU = Release|Any CPU
	EndGlobalSection
	GlobalSection(ProjectConfigurationPlatforms) = postSolution
		{4B8ABFF4-AA81-4DF7-9EDB-3575C9F2EC00}.Debug|Any CPU.ActiveCfg = Debug|Any CPU
		{4B8ABFF4-AA81-4DF7-9EDB-3575C9F2EC00}.Debug|Any CPU.Build.0 = Debug|Any CPU
		{4B8ABFF4-AA81-4DF7-9EDB-3575C9F2EC00}.Release|Any CPU.ActiveCfg = Release|Any CPU
		{4B8ABFF4-AA81-4DF7-9EDB-3575C9F2EC00}.Release|Any CPU.Build.0 = Release|Any CPU
	EndGlobalSection
	GlobalSection(SolutionProperties) = preSolution
		HideSolutionNode = FALSE
	EndGlobalSection
	GlobalSection(ExtensibilityGlobals) = postSolution
		SolutionGuid = {B9EE5EBA-35A4-470B-858B-680A7534CCCA}
	EndGlobalSection
EndGlobal
